[{<<"goldrush">>,
  {git,"git://github.com/DeadZen/goldrush.git",
       {ref,"64864ba7fcf40988361340e48680b49a2c2938cf"}},
  2},
 {<<"resource_discovery">>,
  {git,"git://github.com/276361270/resource_discovery.git",
       {ref,"72b13659ae469a8313c090d9905aa5c30092a109"}},
  1},
 {<<"lager">>,
  {git,"git://github.com/276361270/lager.git",
       {ref,"e82bb13efa32a0de747d7dc0e8c567794965cec2"}},
  1},
 {<<"platfrom">>,
  {git,"https://github.com/276361270/platfrom.git",
       {ref,"aee7b85cbba852635ab44f5ca40545a339ba7f05"}},
  0},
 {<<"erlware_commons">>,
  {git,"https://github.com/276361270/erlware_commons.git",
       {ref,"a303134fe6a6ff4aee4eff2e4f8dabee4b1bd649"}},
  0}].
